
Microsoft Visual Studio Solution File, Format Version 12.00
# Visual Studio Version 17
VisualStudioVersion = 17.4.33110.190
MinimumVisualStudioVersion = 10.0.40219.1
Project("{FAE04EC0-301F-11D3-BF4B-00C04F79EFBC}") = "UdvApp.Identity", "UdvApp.Identity\UdvApp.Identity.csproj", "{14316F37-D93E-427A-8602-C891B84E0EBB}"
EndProject
Global
	GlobalSection(SolutionConfigurationPlatforms) = preSolution
		Debug|Any CPU = Debug|Any CPU
		Release|Any CPU = Release|Any CPU
	EndGlobalSection
	GlobalSection(ProjectConfigurationPlatforms) = postSolution
		{14316F37-D93E-427A-8602-C891B84E0EBB}.Debug|Any CPU.ActiveCfg = Debug|Any CPU
		{14316F37-D93E-427A-8602-C891B84E0EBB}.Debug|Any CPU.Build.0 = Debug|Any CPU
		{14316F37-D93E-427A-8602-C891B84E0EBB}.Release|Any CPU.ActiveCfg = Release|Any CPU
		{14316F37-D93E-427A-8602-C891B84E0EBB}.Release|Any CPU.Build.0 = Release|Any CPU
	EndGlobalSection
	GlobalSection(SolutionProperties) = preSolution
		HideSolutionNode = FALSE
	EndGlobalSection
	GlobalSection(ExtensibilityGlobals) = postSolution
		SolutionGuid = {8EBF7BD2-03CC-49AC-9D6A-93CB14F2CD24}
	EndGlobalSection
EndGlobal
